
Microsoft Visual Studio Solution File, Format Version 12.00
# Visual Studio Version 16
VisualStudioVersion = 16.0.33027.164
MinimumVisualStudioVersion = 10.0.40219.1
Project("{FAE04EC0-301F-11D3-BF4B-00C04F79EFBC}") = "CSharpArrayListObjectsTask", "CSharpArrayListObjectsTask\CSharpArrayListObjectsTask.csproj", "{2E1B8F00-2DD1-4D20-A84D-5E15E8FE4368}"
EndProject
Global
	GlobalSection(SolutionConfigurationPlatforms) = preSolution
		Debug|Any CPU = Debug|Any CPU
		Release|Any CPU = Release|Any CPU
	EndGlobalSection
	GlobalSection(ProjectConfigurationPlatforms) = postSolution
		{2E1B8F00-2DD1-4D20-A84D-5E15E8FE4368}.Debug|Any CPU.ActiveCfg = Debug|Any CPU
		{2E1B8F00-2DD1-4D20-A84D-5E15E8FE4368}.Debug|Any CPU.Build.0 = Debug|Any CPU
		{2E1B8F00-2DD1-4D20-A84D-5E15E8FE4368}.Release|Any CPU.ActiveCfg = Release|Any CPU
		{2E1B8F00-2DD1-4D20-A84D-5E15E8FE4368}.Release|Any CPU.Build.0 = Release|Any CPU
	EndGlobalSection
	GlobalSection(SolutionProperties) = preSolution
		HideSolutionNode = FALSE
	EndGlobalSection
	GlobalSection(ExtensibilityGlobals) = postSolution
		SolutionGuid = {A45F674C-4C97-4252-8B00-A6F8B95778F2}
	EndGlobalSection
EndGlobal
